// !$*UTF8*$!
{
	archiveVersion = 1;
	classes = {
	};
	objectVersion = 50;
	objects = {

/* Begin PBXBuildFile section */
		2819D0132462968C00F1441E /* ChannelBridge.m in Sources */ = {isa = PBXBuildFile; fileRef = 2819D0112462968C00F1441E /* ChannelBridge.m */; };
		2819D017246296D700F1441E /* HJAggregationSDK.framework in Frameworks */ = {isa = PBXBuildFile; fileRef = 2819D015246296CE00F1441E /* HJAggregationSDK.framework */; };
		2819D018246296D700F1441E /* HJAggregationSDK.framework in Embed Frameworks */ = {isa = PBXBuildFile; fileRef = 2819D015246296CE00F1441E /* HJAggregationSDK.framework */; settings = {ATTRIBUTES = (CodeSignOnCopy, RemoveHeadersOnCopy, ); }; };
		2819D0222462B9F100F1441E /* SMPCQuickSDK.framework in Frameworks */ = {isa = PBXBuildFile; fileRef = 2819D01F2462B9F000F1441E /* SMPCQuickSDK.framework */; };
		2819D0232462B9F100F1441E /* QPJHLightQcSDK.framework in Frameworks */ = {isa = PBXBuildFile; fileRef = 2819D0202462B9F000F1441E /* QPJHLightQcSDK.framework */; };
		2819D0242462B9F100F1441E /* libSMPCQuickChannel.a in Frameworks */ = {isa = PBXBuildFile; fileRef = 2819D0212462B9F100F1441E /* libSMPCQuickChannel.a */; };
		28E8C9DF237A524A000D5372 /* AppDelegate.m in Sources */ = {isa = PBXBuildFile; fileRef = 28E8C9DE237A524A000D5372 /* AppDelegate.m */; };
		28E8C9E2237A524A000D5372 /* ViewController.m in Sources */ = {isa = PBXBuildFile; fileRef = 28E8C9E1237A524A000D5372 /* ViewController.m */; };
		28E8C9E5237A524A000D5372 /* Main.storyboard in Resources */ = {isa = PBXBuildFile; fileRef = 28E8C9E3237A524A000D5372 /* Main.storyboard */; };
		28E8C9E7237A524D000D5372 /* Assets.xcassets in Resources */ = {isa = PBXBuildFile; fileRef = 28E8C9E6237A524D000D5372 /* Assets.xcassets */; };
		28E8C9EA237A524D000D5372 /* LaunchScreen.storyboard in Resources */ = {isa = PBXBuildFile; fileRef = 28E8C9E8237A524D000D5372 /* LaunchScreen.storyboard */; };
		28E8C9ED237A524D000D5372 /* main.m in Sources */ = {isa = PBXBuildFile; fileRef = 28E8C9EC237A524D000D5372 /* main.m */; };
		28E8CA05237A52CD000D5372 /* GameParametersList.plist in Resources */ = {isa = PBXBuildFile; fileRef = 28E8C9F5237A52CD000D5372 /* GameParametersList.plist */; };
		28E8CA06237A52CD000D5372 /* GamePlbulic.plist in Resources */ = {isa = PBXBuildFile; fileRef = 28E8C9F6237A52CD000D5372 /* GamePlbulic.plist */; };
		28E8CA07237A52CD000D5372 /* ClassNameList.plist in Resources */ = {isa = PBXBuildFile; fileRef = 28E8C9F7237A52CD000D5372 /* ClassNameList.plist */; };
/* End PBXBuildFile section */

/* Begin PBXCopyFilesBuildPhase section */
		28E8CA18237A531A000D5372 /* Embed Frameworks */ = {
			isa = PBXCopyFilesBuildPhase;
			buildActionMask = 2147483647;
			dstPath = "";
			dstSubfolderSpec = 10;
			files = (
				2819D018246296D700F1441E /* HJAggregationSDK.framework in Embed Frameworks */,
			);
			name = "Embed Frameworks";
			runOnlyForDeploymentPostprocessing = 0;
		};
/* End PBXCopyFilesBuildPhase section */

/* Begin PBXFileReference section */
		2819D0102462968C00F1441E /* ChannelBridge.h */ = {isa = PBXFileReference; fileEncoding = 4; lastKnownFileType = sourcecode.c.h; path = ChannelBridge.h; sourceTree = "<group>"; };
		2819D0112462968C00F1441E /* ChannelBridge.m */ = {isa = PBXFileReference; fileEncoding = 4; lastKnownFileType = sourcecode.c.objc; path = ChannelBridge.m; sourceTree = "<group>"; };
		2819D015246296CE00F1441E /* HJAggregationSDK.framework */ = {isa = PBXFileReference; lastKnownFileType = wrapper.framework; path = HJAggregationSDK.framework; sourceTree = "<group>"; };
		2819D01F2462B9F000F1441E /* SMPCQuickSDK.framework */ = {isa = PBXFileReference; lastKnownFileType = wrapper.framework; path = SMPCQuickSDK.framework; sourceTree = "<group>"; };
		2819D0202462B9F000F1441E /* QPJHLightQcSDK.framework */ = {isa = PBXFileReference; lastKnownFileType = wrapper.framework; path = QPJHLightQcSDK.framework; sourceTree = "<group>"; };
		2819D0212462B9F100F1441E /* libSMPCQuickChannel.a */ = {isa = PBXFileReference; lastKnownFileType = archive.ar; path = libSMPCQuickChannel.a; sourceTree = "<group>"; };
		28E8C9DA237A524A000D5372 /* HJSDKDemo.app */ = {isa = PBXFileReference; explicitFileType = wrapper.application; includeInIndex = 0; path = HJSDKDemo.app; sourceTree = BUILT_PRODUCTS_DIR; };
		28E8C9DD237A524A000D5372 /* AppDelegate.h */ = {isa = PBXFileReference; lastKnownFileType = sourcecode.c.h; path = AppDelegate.h; sourceTree = "<group>"; };
		28E8C9DE237A524A000D5372 /* AppDelegate.m */ = {isa = PBXFileReference; lastKnownFileType = sourcecode.c.objc; path = AppDelegate.m; sourceTree = "<group>"; };
		28E8C9E0237A524A000D5372 /* ViewController.h */ = {isa = PBXFileReference; lastKnownFileType = sourcecode.c.h; path = ViewController.h; sourceTree = "<group>"; };
		28E8C9E1237A524A000D5372 /* ViewController.m */ = {isa = PBXFileReference; lastKnownFileType = sourcecode.c.objc; path = ViewController.m; sourceTree = "<group>"; };
		28E8C9E4237A524A000D5372 /* Base */ = {isa = PBXFileReference; lastKnownFileType = file.storyboard; name = Base; path = Base.lproj/Main.storyboard; sourceTree = "<group>"; };
		28E8C9E6237A524D000D5372 /* Assets.xcassets */ = {isa = PBXFileReference; lastKnownFileType = folder.assetcatalog; path = Assets.xcassets; sourceTree = "<group>"; };
		28E8C9E9237A524D000D5372 /* Base */ = {isa = PBXFileReference; lastKnownFileType = file.storyboard; name = Base; path = Base.lproj/LaunchScreen.storyboard; sourceTree = "<group>"; };
		28E8C9EB237A524D000D5372 /* Info.plist */ = {isa = PBXFileReference; lastKnownFileType = text.plist.xml; path = Info.plist; sourceTree = "<group>"; };
		28E8C9EC237A524D000D5372 /* main.m */ = {isa = PBXFileReference; lastKnownFileType = sourcecode.c.objc; path = main.m; sourceTree = "<group>"; };
		28E8C9F5237A52CD000D5372 /* GameParametersList.plist */ = {isa = PBXFileReference; fileEncoding = 4; lastKnownFileType = text.plist.xml; path = GameParametersList.plist; sourceTree = "<group>"; };
		28E8C9F6237A52CD000D5372 /* GamePlbulic.plist */ = {isa = PBXFileReference; fileEncoding = 4; lastKnownFileType = text.plist.xml; path = GamePlbulic.plist; sourceTree = "<group>"; };
		28E8C9F7237A52CD000D5372 /* ClassNameList.plist */ = {isa = PBXFileReference; fileEncoding = 4; lastKnownFileType = text.plist.xml; path = ClassNameList.plist; sourceTree = "<group>"; };
/* End PBXFileReference section */

/* Begin PBXFrameworksBuildPhase section */
		28E8C9D7237A524A000D5372 /* Frameworks */ = {
			isa = PBXFrameworksBuildPhase;
			buildActionMask = 2147483647;
			files = (
				2819D0242462B9F100F1441E /* libSMPCQuickChannel.a in Frameworks */,
				2819D0232462B9F100F1441E /* QPJHLightQcSDK.framework in Frameworks */,
				2819D0222462B9F100F1441E /* SMPCQuickSDK.framework in Frameworks */,
				2819D017246296D700F1441E /* HJAggregationSDK.framework in Frameworks */,
			);
			runOnlyForDeploymentPostprocessing = 0;
		};
/* End PBXFrameworksBuildPhase section */

/* Begin PBXGroup section */
		28E8C9D1237A524A000D5372 = {
			isa = PBXGroup;
			children = (
				28E8C9DC237A524A000D5372 /* HJSDKDemo */,
				28E8C9DB237A524A000D5372 /* Products */,
			);
			sourceTree = "<group>";
		};
		28E8C9DB237A524A000D5372 /* Products */ = {
			isa = PBXGroup;
			children = (
				28E8C9DA237A524A000D5372 /* HJSDKDemo.app */,
			);
			name = Products;
			sourceTree = "<group>";
		};
		28E8C9DC237A524A000D5372 /* HJSDKDemo */ = {
			isa = PBXGroup;
			children = (
				28E8C9F3237A52CD000D5372 /* SDK */,
				28E8C9DD237A524A000D5372 /* AppDelegate.h */,
				28E8C9DE237A524A000D5372 /* AppDelegate.m */,
				28E8C9E0237A524A000D5372 /* ViewController.h */,
				28E8C9E1237A524A000D5372 /* ViewController.m */,
				28E8C9E3237A524A000D5372 /* Main.storyboard */,
				28E8C9E6237A524D000D5372 /* Assets.xcassets */,
				28E8C9E8237A524D000D5372 /* LaunchScreen.storyboard */,
				28E8C9EB237A524D000D5372 /* Info.plist */,
				28E8C9EC237A524D000D5372 /* main.m */,
			);
			path = HJSDKDemo;
			sourceTree = "<group>";
		};
		28E8C9F3237A52CD000D5372 /* SDK */ = {
			isa = PBXGroup;
			children = (
				28E8C9F4237A52CD000D5372 /* Plist */,
				28E8C9F8237A52CD000D5372 /* Framework */,
			);
			path = SDK;
			sourceTree = "<group>";
		};
		28E8C9F4237A52CD000D5372 /* Plist */ = {
			isa = PBXGroup;
			children = (
				28E8C9F5237A52CD000D5372 /* GameParametersList.plist */,
				28E8C9F6237A52CD000D5372 /* GamePlbulic.plist */,
				28E8C9F7237A52CD000D5372 /* ClassNameList.plist */,
			);
			path = Plist;
			sourceTree = "<group>";
		};
		28E8C9F8237A52CD000D5372 /* Framework */ = {
			isa = PBXGroup;
			children = (
				2819D0212462B9F100F1441E /* libSMPCQuickChannel.a */,
				2819D0202462B9F000F1441E /* QPJHLightQcSDK.framework */,
				2819D01F2462B9F000F1441E /* SMPCQuickSDK.framework */,
				2819D015246296CE00F1441E /* HJAggregationSDK.framework */,
				2819D0102462968C00F1441E /* ChannelBridge.h */,
				2819D0112462968C00F1441E /* ChannelBridge.m */,
			);
			path = Framework;
			sourceTree = "<group>";
		};
/* End PBXGroup section */

/* Begin PBXNativeTarget section */
		28E8C9D9237A524A000D5372 /* HJSDKDemo */ = {
			isa = PBXNativeTarget;
			buildConfigurationList = 28E8C9F0237A524D000D5372 /* Build configuration list for PBXNativeTarget "HJSDKDemo" */;
			buildPhases = (
				28E8C9D6237A524A000D5372 /* Sources */,
				28E8C9D7237A524A000D5372 /* Frameworks */,
				28E8C9D8237A524A000D5372 /* Resources */,
				28E8CA18237A531A000D5372 /* Embed Frameworks */,
			);
			buildRules = (
			);
			dependencies = (
			);
			name = HJSDKDemo;
			productName = HJSDKDemo;
			productReference = 28E8C9DA237A524A000D5372 /* HJSDKDemo.app */;
			productType = "com.apple.product-type.application";
		};
/* End PBXNativeTarget section */

/* Begin PBXProject section */
		28E8C9D2237A524A000D5372 /* Project object */ = {
			isa = PBXProject;
			attributes = {
				LastUpgradeCheck = 1010;
				ORGANIZATIONNAME = CL;
				TargetAttributes = {
					28E8C9D9237A524A000D5372 = {
						CreatedOnToolsVersion = 10.1;
					};
				};
			};
			buildConfigurationList = 28E8C9D5237A524A000D5372 /* Build configuration list for PBXProject "HJSDKDemo" */;
			compatibilityVersion = "Xcode 9.3";
			developmentRegion = en;
			hasScannedForEncodings = 0;
			knownRegions = (
				en,
				Base,
			);
			mainGroup = 28E8C9D1237A524A000D5372;
			productRefGroup = 28E8C9DB237A524A000D5372 /* Products */;
			projectDirPath = "";
			projectRoot = "";
			targets = (
				28E8C9D9237A524A000D5372 /* HJSDKDemo */,
			);
		};
/* End PBXProject section */

/* Begin PBXResourcesBuildPhase section */
		28E8C9D8237A524A000D5372 /* Resources */ = {
			isa = PBXResourcesBuildPhase;
			buildActionMask = 2147483647;
			files = (
				28E8CA07237A52CD000D5372 /* ClassNameList.plist in Resources */,
				28E8CA05237A52CD000D5372 /* GameParametersList.plist in Resources */,
				28E8C9EA237A524D000D5372 /* LaunchScreen.storyboard in Resources */,
				28E8CA06237A52CD000D5372 /* GamePlbulic.plist in Resources */,
				28E8C9E7237A524D000D5372 /* Assets.xcassets in Resources */,
				28E8C9E5237A524A000D5372 /* Main.storyboard in Resources */,
			);
			runOnlyForDeploymentPostprocessing = 0;
		};
/* End PBXResourcesBuildPhase section */

/* Begin PBXSourcesBuildPhase section */
		28E8C9D6237A524A000D5372 /* Sources */ = {
			isa = PBXSourcesBuildPhase;
			buildActionMask = 2147483647;
			files = (
				2819D0132462968C00F1441E /* ChannelBridge.m in Sources */,
				28E8C9E2237A524A000D5372 /* ViewController.m in Sources */,
				28E8C9ED237A524D000D5372 /* main.m in Sources */,
				28E8C9DF237A524A000D5372 /* AppDelegate.m in Sources */,
			);
			runOnlyForDeploymentPostprocessing = 0;
		};
/* End PBXSourcesBuildPhase section */

/* Begin PBXVariantGroup section */
		28E8C9E3237A524A000D5372 /* Main.storyboard */ = {
			isa = PBXVariantGroup;
			children = (
				28E8C9E4237A524A000D5372 /* Base */,
			);
			name = Main.storyboard;
			sourceTree = "<group>";
		};
		28E8C9E8237A524D000D5372 /* LaunchScreen.storyboard */ = {
			isa = PBXVariantGroup;
			children = (
				28E8C9E9237A524D000D5372 /* Base */,
			);
			name = LaunchScreen.storyboard;
			sourceTree = "<group>";
		};
/* End PBXVariantGroup section */

/* Begin XCBuildConfiguration section */
		28E8C9EE237A524D000D5372 /* Debug */ = {
			isa = XCBuildConfiguration;
			buildSettings = {
				ALWAYS_SEARCH_USER_PATHS = NO;
				CLANG_ANALYZER_NONNULL = YES;
				CLANG_ANALYZER_NUMBER_OBJECT_CONVERSION = YES_AGGRESSIVE;
				CLANG_CXX_LANGUAGE_STANDARD = "gnu++14";
				CLANG_CXX_LIBRARY = "libc++";
				CLANG_ENABLE_MODULES = YES;
				CLANG_ENABLE_OBJC_ARC = YES;
				CLANG_ENABLE_OBJC_WEAK = YES;
				CLANG_WARN_BLOCK_CAPTURE_AUTORELEASING = YES;
				CLANG_WARN_BOOL_CONVERSION = YES;
				CLANG_WARN_COMMA = YES;
				CLANG_WARN_CONSTANT_CONVERSION = YES;
				CLANG_WARN_DEPRECATED_OBJC_IMPLEMENTATIONS = YES;
				CLANG_WARN_DIRECT_OBJC_ISA_USAGE = YES_ERROR;
				CLANG_WARN_DOCUMENTATION_COMMENTS = YES;
				CLANG_WARN_EMPTY_BODY = YES;
				CLANG_WARN_ENUM_CONVERSION = YES;
				CLANG_WARN_INFINITE_RECURSION = YES;
				CLANG_WARN_INT_CONVERSION = YES;
				CLANG_WARN_NON_LITERAL_NULL_CONVERSION = YES;
				CLANG_WARN_OBJC_IMPLICIT_RETAIN_SELF = YES;
				CLANG_WARN_OBJC_LITERAL_CONVERSION = YES;
				CLANG_WARN_OBJC_ROOT_CLASS = YES_ERROR;
				CLANG_WARN_RANGE_LOOP_ANALYSIS = YES;
				CLANG_WARN_STRICT_PROTOTYPES = YES;
				CLANG_WARN_SUSPICIOUS_MOVE = YES;
				CLANG_WARN_UNGUARDED_AVAILABILITY = YES_AGGRESSIVE;
				CLANG_WARN_UNREACHABLE_CODE = YES;
				CLANG_WARN__DUPLICATE_METHOD_MATCH = YES;
				CODE_SIGN_IDENTITY = "iPhone Developer";
				COPY_PHASE_STRIP = NO;
				DEBUG_INFORMATION_FORMAT = dwarf;
				ENABLE_STRICT_OBJC_MSGSEND = YES;
				ENABLE_TESTABILITY = YES;
				GCC_C_LANGUAGE_STANDARD = gnu11;
				GCC_DYNAMIC_NO_PIC = NO;
				GCC_NO_COMMON_BLOCKS = YES;
				GCC_OPTIMIZATION_LEVEL = 0;
				GCC_PREPROCESSOR_DEFINITIONS = (
					"DEBUG=1",
					"$(inherited)",
				);
				GCC_WARN_64_TO_32_BIT_CONVERSION = YES;
				GCC_WARN_ABOUT_RETURN_TYPE = YES_ERROR;
				GCC_WARN_UNDECLARED_SELECTOR = YES;
				GCC_WARN_UNINITIALIZED_AUTOS = YES_AGGRESSIVE;
				GCC_WARN_UNUSED_FUNCTION = YES;
				GCC_WARN_UNUSED_VARIABLE = YES;
				IPHONEOS_DEPLOYMENT_TARGET = 12.1;
				MTL_ENABLE_DEBUG_INFO = INCLUDE_SOURCE;
				MTL_FAST_MATH = YES;
				ONLY_ACTIVE_ARCH = YES;
				SDKROOT = iphoneos;
			};
			name = Debug;
		};
		28E8C9EF237A524D000D5372 /* Release */ = {
			isa = XCBuildConfiguration;
			buildSettings = {
				ALWAYS_SEARCH_USER_PATHS = NO;
				CLANG_ANALYZER_NONNULL = YES;
				CLANG_ANALYZER_NUMBER_OBJECT_CONVERSION = YES_AGGRESSIVE;
				CLANG_CXX_LANGUAGE_STANDARD = "gnu++14";
				CLANG_CXX_LIBRARY = "libc++";
				CLANG_ENABLE_MODULES = YES;
				CLANG_ENABLE_OBJC_ARC = YES;
				CLANG_ENABLE_OBJC_WEAK = YES;
				CLANG_WARN_BLOCK_CAPTURE_AUTORELEASING = YES;
				CLANG_WARN_BOOL_CONVERSION = YES;
				CLANG_WARN_COMMA = YES;
				CLANG_WARN_CONSTANT_CONVERSION = YES;
				CLANG_WARN_DEPRECATED_OBJC_IMPLEMENTATIONS = YES;
				CLANG_WARN_DIRECT_OBJC_ISA_USAGE = YES_ERROR;
				CLANG_WARN_DOCUMENTATION_COMMENTS = YES;
				CLANG_WARN_EMPTY_BODY = YES;
				CLANG_WARN_ENUM_CONVERSION = YES;
				CLANG_WARN_INFINITE_RECURSION = YES;
				CLANG_WARN_INT_CONVERSION = YES;
				CLANG_WARN_NON_LITERAL_NULL_CONVERSION = YES;
				CLANG_WARN_OBJC_IMPLICIT_RETAIN_SELF = YES;
				CLANG_WARN_OBJC_LITERAL_CONVERSION = YES;
				CLANG_WARN_OBJC_ROOT_CLASS = YES_ERROR;
				CLANG_WARN_RANGE_LOOP_ANALYSIS = YES;
				CLANG_WARN_STRICT_PROTOTYPES = YES;
				CLANG_WARN_SUSPICIOUS_MOVE = YES;
				CLANG_WARN_UNGUARDED_AVAILABILITY = YES_AGGRESSIVE;
				CLANG_WARN_UNREACHABLE_CODE = YES;
				CLANG_WARN__DUPLICATE_METHOD_MATCH = YES;
				CODE_SIGN_IDENTITY = "iPhone Developer";
				COPY_PHASE_STRIP = NO;
				DEBUG_INFORMATION_FORMAT = "dwarf-with-dsym";
				ENABLE_NS_ASSERTIONS = NO;
				ENABLE_STRICT_OBJC_MSGSEND = YES;
				GCC_C_LANGUAGE_STANDARD = gnu11;
				GCC_NO_COMMON_BLOCKS = YES;
				GCC_WARN_64_TO_32_BIT_CONVERSION = YES;
				GCC_WARN_ABOUT_RETURN_TYPE = YES_ERROR;
				GCC_WARN_UNDECLARED_SELECTOR = YES;
				GCC_WARN_UNINITIALIZED_AUTOS = YES_AGGRESSIVE;
				GCC_WARN_UNUSED_FUNCTION = YES;
				GCC_WARN_UNUSED_VARIABLE = YES;
				IPHONEOS_DEPLOYMENT_TARGET = 12.1;
				MTL_ENABLE_DEBUG_INFO = NO;
				MTL_FAST_MATH = YES;
				SDKROOT = iphoneos;
				VALIDATE_PRODUCT = YES;
			};
			name = Release;
		};
		28E8C9F1237A524D000D5372 /* Debug */ = {
			isa = XCBuildConfiguration;
			buildSettings = {
				ASSETCATALOG_COMPILER_APPICON_NAME = AppIcon;
				CLANG_ALLOW_NON_MODULAR_INCLUDES_IN_FRAMEWORK_MODULES = YES;
				CODE_SIGN_IDENTITY = "iPhone Developer";
				CODE_SIGN_STYLE = Automatic;
				DEVELOPMENT_TEAM = YK27WYFG27;
				ENABLE_BITCODE = NO;
				FRAMEWORK_SEARCH_PATHS = (
					"$(inherited)",
					"$(PROJECT_DIR)/HJSDKDemo/SDK/Framework",
				);
				GCC_PREFIX_HEADER = "";
				INFOPLIST_FILE = HJSDKDemo/Info.plist;
				IPHONEOS_DEPLOYMENT_TARGET = 9.0;
				LD_RUNPATH_SEARCH_PATHS = (
					"$(inherited)",
					"@executable_path/Frameworks",
				);
				LIBRARY_SEARCH_PATHS = (
					"$(inherited)",
					"$(PROJECT_DIR)/HJSDKDemo/SDK/Framework",
				);
				OTHER_LDFLAGS = "-ObjC";
				PRODUCT_BUNDLE_IDENTIFIER = com.gjxy;
				PRODUCT_NAME = "$(TARGET_NAME)";
				PROVISIONING_PROFILE_SPECIFIER = "";
				TARGETED_DEVICE_FAMILY = "1,2";
			};
			name = Debug;
		};
		28E8C9F2237A524D000D5372 /* Release */ = {
			isa = XCBuildConfiguration;
			buildSettings = {
				ASSETCATALOG_COMPILER_APPICON_NAME = AppIcon;
				CLANG_ALLOW_NON_MODULAR_INCLUDES_IN_FRAMEWORK_MODULES = YES;
				CODE_SIGN_IDENTITY = "iPhone Developer";
				CODE_SIGN_STYLE = Automatic;
				DEVELOPMENT_TEAM = YK27WYFG27;
				ENABLE_BITCODE = NO;
				FRAMEWORK_SEARCH_PATHS = (
					"$(inherited)",
					"$(PROJECT_DIR)/HJSDKDemo/SDK/Framework",
				);
				GCC_PREFIX_HEADER = "";
				INFOPLIST_FILE = HJSDKDemo/Info.plist;
				IPHONEOS_DEPLOYMENT_TARGET = 9.0;
				LD_RUNPATH_SEARCH_PATHS = (
					"$(inherited)",
					"@executable_path/Frameworks",
				);
				LIBRARY_SEARCH_PATHS = (
					"$(inherited)",
					"$(PROJECT_DIR)/HJSDKDemo/SDK/Framework",
				);
				OTHER_LDFLAGS = "-ObjC";
				PRODUCT_BUNDLE_IDENTIFIER = com.gjxy;
				PRODUCT_NAME = "$(TARGET_NAME)";
				PROVISIONING_PROFILE_SPECIFIER = "";
				TARGETED_DEVICE_FAMILY = "1,2";
			};
			name = Release;
		};
/* End XCBuildConfiguration section */

/* Begin XCConfigurationList section */
		28E8C9D5237A524A000D5372 /* Build configuration list for PBXProject "HJSDKDemo" */ = {
			isa = XCConfigurationList;
			buildConfigurations = (
				28E8C9EE237A524D000D5372 /* Debug */,
				28E8C9EF237A524D000D5372 /* Release */,
			);
			defaultConfigurationIsVisible = 0;
			defaultConfigurationName = Release;
		};
		28E8C9F0237A524D000D5372 /* Build configuration list for PBXNativeTarget "HJSDKDemo" */ = {
			isa = XCConfigurationList;
			buildConfigurations = (
				28E8C9F1237A524D000D5372 /* Debug */,
				28E8C9F2237A524D000D5372 /* Release */,
			);
			defaultConfigurationIsVisible = 0;
			defaultConfigurationName = Release;
		};
/* End XCConfigurationList section */
	};
	rootObject = 28E8C9D2237A524A000D5372 /* Project object */;
}
